// !$*UTF8*$!
{
	archiveVersion = 1;
	classes = {
	};
	objectVersion = 48;
	objects = {

/* Begin PBXBuildFile section */
		71864581202EAF570098921F /* Model.xcdatamodeld in Sources */ = {isa = PBXBuildFile; fileRef = 7186457F202EAF570098921F /* Model.xcdatamodeld */; };
		71BC38F0202FE4D500FC1B07 /* NewActivityViewCell.swift in Sources */ = {isa = PBXBuildFile; fileRef = 71BC38ED202FE4D500FC1B07 /* NewActivityViewCell.swift */; };
		71BC38F1202FE4D500FC1B07 /* Activity.swift in Sources */ = {isa = PBXBuildFile; fileRef = 71BC38EE202FE4D500FC1B07 /* Activity.swift */; };
		71BC38F2202FE4D500FC1B07 /* NewActivityViewController.swift in Sources */ = {isa = PBXBuildFile; fileRef = 71BC38EF202FE4D500FC1B07 /* NewActivityViewController.swift */; };
		71BC38F4202FE4E400FC1B07 /* SetActivityViewController.swift in Sources */ = {isa = PBXBuildFile; fileRef = 71BC38F3202FE4E400FC1B07 /* SetActivityViewController.swift */; };
		71BC38F6202FEDF800FC1B07 /* Activities.swift in Sources */ = {isa = PBXBuildFile; fileRef = 71BC38F5202FEDF800FC1B07 /* Activities.swift */; };
		71BC38F820301F2B00FC1B07 /* NewActivityViewHeader.swift in Sources */ = {isa = PBXBuildFile; fileRef = 71BC38F720301F2B00FC1B07 /* NewActivityViewHeader.swift */; };
		A01A0C65202DFC54008383C9 /* AppDelegate.swift in Sources */ = {isa = PBXBuildFile; fileRef = A01A0C64202DFC54008383C9 /* AppDelegate.swift */; };
		A01A0C67202DFC54008383C9 /* HomeViewController.swift in Sources */ = {isa = PBXBuildFile; fileRef = A01A0C66202DFC54008383C9 /* HomeViewController.swift */; };
		A01A0C6A202DFC54008383C9 /* Main.storyboard in Resources */ = {isa = PBXBuildFile; fileRef = A01A0C68202DFC54008383C9 /* Main.storyboard */; };
		A01A0C6C202DFC54008383C9 /* Assets.xcassets in Resources */ = {isa = PBXBuildFile; fileRef = A01A0C6B202DFC54008383C9 /* Assets.xcassets */; };
		A01A0C6F202DFC54008383C9 /* LaunchScreen.storyboard in Resources */ = {isa = PBXBuildFile; fileRef = A01A0C6D202DFC54008383C9 /* LaunchScreen.storyboard */; };
		A01A0C84202E0086008383C9 /* AveriaSansLibre-Regular.ttf in Resources */ = {isa = PBXBuildFile; fileRef = A01A0C83202E0086008383C9 /* AveriaSansLibre-Regular.ttf */; };
		A01A0C86202E077B008383C9 /* NameViewController.swift in Sources */ = {isa = PBXBuildFile; fileRef = A01A0C85202E077B008383C9 /* NameViewController.swift */; };
		A01A0C88202E082A008383C9 /* PlantViewController.swift in Sources */ = {isa = PBXBuildFile; fileRef = A01A0C87202E082A008383C9 /* PlantViewController.swift */; };
		A01A0C8A202E0C01008383C9 /* NameInfo.swift in Sources */ = {isa = PBXBuildFile; fileRef = A01A0C89202E0C01008383C9 /* NameInfo.swift */; };
		A0353497202FAC0B00F7A946 /* Plant_entity+CoreDataClass.swift in Sources */ = {isa = PBXBuildFile; fileRef = A0353495202FAC0B00F7A946 /* Plant_entity+CoreDataClass.swift */; };
		A0353498202FAC0B00F7A946 /* Plant_entity+CoreDataProperties.swift in Sources */ = {isa = PBXBuildFile; fileRef = A0353496202FAC0B00F7A946 /* Plant_entity+CoreDataProperties.swift */; };
		A035349A202FAC9200F7A946 /* PersistenceService.swift in Sources */ = {isa = PBXBuildFile; fileRef = A0353499202FAC9200F7A946 /* PersistenceService.swift */; };
/* End PBXBuildFile section */

/* Begin PBXFileReference section */
		71864580202EAF570098921F /* Model.xcdatamodel */ = {isa = PBXFileReference; lastKnownFileType = wrapper.xcdatamodel; path = Model.xcdatamodel; sourceTree = "<group>"; };
		71BC38ED202FE4D500FC1B07 /* NewActivityViewCell.swift */ = {isa = PBXFileReference; fileEncoding = 4; lastKnownFileType = sourcecode.swift; path = NewActivityViewCell.swift; sourceTree = "<group>"; };
		71BC38EE202FE4D500FC1B07 /* Activity.swift */ = {isa = PBXFileReference; fileEncoding = 4; lastKnownFileType = sourcecode.swift; path = Activity.swift; sourceTree = "<group>"; };
		71BC38EF202FE4D500FC1B07 /* NewActivityViewController.swift */ = {isa = PBXFileReference; fileEncoding = 4; lastKnownFileType = sourcecode.swift; path = NewActivityViewController.swift; sourceTree = "<group>"; };
		71BC38F3202FE4E400FC1B07 /* SetActivityViewController.swift */ = {isa = PBXFileReference; fileEncoding = 4; lastKnownFileType = sourcecode.swift; path = SetActivityViewController.swift; sourceTree = "<group>"; };
		71BC38F5202FEDF800FC1B07 /* Activities.swift */ = {isa = PBXFileReference; lastKnownFileType = sourcecode.swift; path = Activities.swift; sourceTree = "<group>"; };
		71BC38F720301F2B00FC1B07 /* NewActivityViewHeader.swift */ = {isa = PBXFileReference; lastKnownFileType = sourcecode.swift; path = NewActivityViewHeader.swift; sourceTree = "<group>"; };
		A01A0C61202DFC54008383C9 /* Happy Ivy.app */ = {isa = PBXFileReference; explicitFileType = wrapper.application; includeInIndex = 0; path = "Happy Ivy.app"; sourceTree = BUILT_PRODUCTS_DIR; };
		A01A0C64202DFC54008383C9 /* AppDelegate.swift */ = {isa = PBXFileReference; lastKnownFileType = sourcecode.swift; path = AppDelegate.swift; sourceTree = "<group>"; };
		A01A0C66202DFC54008383C9 /* HomeViewController.swift */ = {isa = PBXFileReference; lastKnownFileType = sourcecode.swift; path = HomeViewController.swift; sourceTree = "<group>"; };
		A01A0C69202DFC54008383C9 /* Base */ = {isa = PBXFileReference; lastKnownFileType = file.storyboard; name = Base; path = Base.lproj/Main.storyboard; sourceTree = "<group>"; };
		A01A0C6B202DFC54008383C9 /* Assets.xcassets */ = {isa = PBXFileReference; lastKnownFileType = folder.assetcatalog; path = Assets.xcassets; sourceTree = "<group>"; };
		A01A0C6E202DFC54008383C9 /* Base */ = {isa = PBXFileReference; lastKnownFileType = file.storyboard; name = Base; path = Base.lproj/LaunchScreen.storyboard; sourceTree = "<group>"; };
		A01A0C70202DFC54008383C9 /* Info.plist */ = {isa = PBXFileReference; lastKnownFileType = text.plist.xml; path = Info.plist; sourceTree = "<group>"; };
		A01A0C83202E0086008383C9 /* AveriaSansLibre-Regular.ttf */ = {isa = PBXFileReference; lastKnownFileType = file; path = "AveriaSansLibre-Regular.ttf"; sourceTree = "<group>"; };
		A01A0C85202E077B008383C9 /* NameViewController.swift */ = {isa = PBXFileReference; lastKnownFileType = sourcecode.swift; path = NameViewController.swift; sourceTree = "<group>"; };
		A01A0C87202E082A008383C9 /* PlantViewController.swift */ = {isa = PBXFileReference; lastKnownFileType = sourcecode.swift; path = PlantViewController.swift; sourceTree = "<group>"; };
		A01A0C89202E0C01008383C9 /* NameInfo.swift */ = {isa = PBXFileReference; lastKnownFileType = sourcecode.swift; path = NameInfo.swift; sourceTree = "<group>"; };
		A0353495202FAC0B00F7A946 /* Plant_entity+CoreDataClass.swift */ = {isa = PBXFileReference; lastKnownFileType = sourcecode.swift; path = "Plant_entity+CoreDataClass.swift"; sourceTree = "<group>"; };
		A0353496202FAC0B00F7A946 /* Plant_entity+CoreDataProperties.swift */ = {isa = PBXFileReference; lastKnownFileType = sourcecode.swift; path = "Plant_entity+CoreDataProperties.swift"; sourceTree = "<group>"; };
		A0353499202FAC9200F7A946 /* PersistenceService.swift */ = {isa = PBXFileReference; lastKnownFileType = sourcecode.swift; path = PersistenceService.swift; sourceTree = "<group>"; };
/* End PBXFileReference section */

/* Begin PBXFrameworksBuildPhase section */
		A01A0C5E202DFC54008383C9 /* Frameworks */ = {
			isa = PBXFrameworksBuildPhase;
			buildActionMask = 2147483647;
			files = (
			);
			runOnlyForDeploymentPostprocessing = 0;
		};
/* End PBXFrameworksBuildPhase section */

/* Begin PBXGroup section */
		A01A0C58202DFC54008383C9 = {
			isa = PBXGroup;
			children = (
				A01A0C63202DFC54008383C9 /* Happy Ivy */,
				A01A0C62202DFC54008383C9 /* Products */,
				A01A0C76202DFFEA008383C9 /* fonts */,
			);
			sourceTree = "<group>";
		};
		A01A0C62202DFC54008383C9 /* Products */ = {
			isa = PBXGroup;
			children = (
				A01A0C61202DFC54008383C9 /* Happy Ivy.app */,
			);
			name = Products;
			sourceTree = "<group>";
		};
		A01A0C63202DFC54008383C9 /* Happy Ivy */ = {
			isa = PBXGroup;
			children = (
				A0353495202FAC0B00F7A946 /* Plant_entity+CoreDataClass.swift */,
				A0353496202FAC0B00F7A946 /* Plant_entity+CoreDataProperties.swift */,
				A01A0C64202DFC54008383C9 /* AppDelegate.swift */,
				7186457F202EAF570098921F /* Model.xcdatamodeld */,
				A01A0C66202DFC54008383C9 /* HomeViewController.swift */,
				A01A0C85202E077B008383C9 /* NameViewController.swift */,
				A01A0C87202E082A008383C9 /* PlantViewController.swift */,
				71BC38F3202FE4E400FC1B07 /* SetActivityViewController.swift */,
				71BC38EE202FE4D500FC1B07 /* Activity.swift */,
				71BC38ED202FE4D500FC1B07 /* NewActivityViewCell.swift */,
				71BC38F720301F2B00FC1B07 /* NewActivityViewHeader.swift */,
				71BC38EF202FE4D500FC1B07 /* NewActivityViewController.swift */,
				71BC38F5202FEDF800FC1B07 /* Activities.swift */,
				A01A0C89202E0C01008383C9 /* NameInfo.swift */,
				A01A0C68202DFC54008383C9 /* Main.storyboard */,
				A01A0C6B202DFC54008383C9 /* Assets.xcassets */,
				A01A0C6D202DFC54008383C9 /* LaunchScreen.storyboard */,
				A01A0C70202DFC54008383C9 /* Info.plist */,
				A0353499202FAC9200F7A946 /* PersistenceService.swift */,
			);
			path = "Happy Ivy";
			sourceTree = "<group>";
		};
		A01A0C76202DFFEA008383C9 /* fonts */ = {
			isa = PBXGroup;
			children = (
				A01A0C83202E0086008383C9 /* AveriaSansLibre-Regular.ttf */,
			);
			path = fonts;
			sourceTree = "<group>";
		};
/* End PBXGroup section */

/* Begin PBXNativeTarget section */
		A01A0C60202DFC54008383C9 /* Happy Ivy */ = {
			isa = PBXNativeTarget;
			buildConfigurationList = A01A0C73202DFC54008383C9 /* Build configuration list for PBXNativeTarget "Happy Ivy" */;
			buildPhases = (
				A01A0C5D202DFC54008383C9 /* Sources */,
				A01A0C5E202DFC54008383C9 /* Frameworks */,
				A01A0C5F202DFC54008383C9 /* Resources */,
			);
			buildRules = (
			);
			dependencies = (
			);
			name = "Happy Ivy";
			productName = "Happy Ivy";
			productReference = A01A0C61202DFC54008383C9 /* Happy Ivy.app */;
			productType = "com.apple.product-type.application";
		};
/* End PBXNativeTarget section */

/* Begin PBXProject section */
		A01A0C59202DFC54008383C9 /* Project object */ = {
			isa = PBXProject;
			attributes = {
				LastSwiftUpdateCheck = 0920;
				LastUpgradeCheck = 0920;
				ORGANIZATIONNAME = "Keke Wu";
				TargetAttributes = {
					A01A0C60202DFC54008383C9 = {
						CreatedOnToolsVersion = 9.2;
						ProvisioningStyle = Automatic;
					};
				};
			};
			buildConfigurationList = A01A0C5C202DFC54008383C9 /* Build configuration list for PBXProject "Happy Ivy" */;
			compatibilityVersion = "Xcode 8.0";
			developmentRegion = en;
			hasScannedForEncodings = 0;
			knownRegions = (
				en,
				Base,
			);
			mainGroup = A01A0C58202DFC54008383C9;
			productRefGroup = A01A0C62202DFC54008383C9 /* Products */;
			projectDirPath = "";
			projectRoot = "";
			targets = (
				A01A0C60202DFC54008383C9 /* Happy Ivy */,
			);
		};
/* End PBXProject section */

/* Begin PBXResourcesBuildPhase section */
		A01A0C5F202DFC54008383C9 /* Resources */ = {
			isa = PBXResourcesBuildPhase;
			buildActionMask = 2147483647;
			files = (
				A01A0C6F202DFC54008383C9 /* LaunchScreen.storyboard in Resources */,
				A01A0C84202E0086008383C9 /* AveriaSansLibre-Regular.ttf in Resources */,
				A01A0C6C202DFC54008383C9 /* Assets.xcassets in Resources */,
				A01A0C6A202DFC54008383C9 /* Main.storyboard in Resources */,
			);
			runOnlyForDeploymentPostprocessing = 0;
		};
/* End PBXResourcesBuildPhase section */

/* Begin PBXSourcesBuildPhase section */
		A01A0C5D202DFC54008383C9 /* Sources */ = {
			isa = PBXSourcesBuildPhase;
			buildActionMask = 2147483647;
			files = (
				71BC38F0202FE4D500FC1B07 /* NewActivityViewCell.swift in Sources */,
				A01A0C67202DFC54008383C9 /* HomeViewController.swift in Sources */,
				A0353498202FAC0B00F7A946 /* Plant_entity+CoreDataProperties.swift in Sources */,
				71BC38F820301F2B00FC1B07 /* NewActivityViewHeader.swift in Sources */,
				A01A0C65202DFC54008383C9 /* AppDelegate.swift in Sources */,
				A01A0C88202E082A008383C9 /* PlantViewController.swift in Sources */,
				A01A0C86202E077B008383C9 /* NameViewController.swift in Sources */,
				71BC38F6202FEDF800FC1B07 /* Activities.swift in Sources */,
				A035349A202FAC9200F7A946 /* PersistenceService.swift in Sources */,
				A0353497202FAC0B00F7A946 /* Plant_entity+CoreDataClass.swift in Sources */,
				71BC38F4202FE4E400FC1B07 /* SetActivityViewController.swift in Sources */,
				71BC38F2202FE4D500FC1B07 /* NewActivityViewController.swift in Sources */,
				A01A0C8A202E0C01008383C9 /* NameInfo.swift in Sources */,
				71BC38F1202FE4D500FC1B07 /* Activity.swift in Sources */,
				71864581202EAF570098921F /* Model.xcdatamodeld in Sources */,
			);
			runOnlyForDeploymentPostprocessing = 0;
		};
/* End PBXSourcesBuildPhase section */

/* Begin PBXVariantGroup section */
		A01A0C68202DFC54008383C9 /* Main.storyboard */ = {
			isa = PBXVariantGroup;
			children = (
				A01A0C69202DFC54008383C9 /* Base */,
			);
			name = Main.storyboard;
			sourceTree = "<group>";
		};
		A01A0C6D202DFC54008383C9 /* LaunchScreen.storyboard */ = {
			isa = PBXVariantGroup;
			children = (
				A01A0C6E202DFC54008383C9 /* Base */,
			);
			name = LaunchScreen.storyboard;
			sourceTree = "<group>";
		};
/* End PBXVariantGroup section */

/* Begin XCBuildConfiguration section */
		A01A0C71202DFC54008383C9 /* Debug */ = {
			isa = XCBuildConfiguration;
			buildSettings = {
				ALWAYS_SEARCH_USER_PATHS = NO;
				CLANG_ANALYZER_NONNULL = YES;
				CLANG_ANALYZER_NUMBER_OBJECT_CONVERSION = YES_AGGRESSIVE;
				CLANG_CXX_LANGUAGE_STANDARD = "gnu++14";
				CLANG_CXX_LIBRARY = "libc++";
				CLANG_ENABLE_MODULES = YES;
				CLANG_ENABLE_OBJC_ARC = YES;
				CLANG_WARN_BLOCK_CAPTURE_AUTORELEASING = YES;
				CLANG_WARN_BOOL_CONVERSION = YES;
				CLANG_WARN_COMMA = YES;
				CLANG_WARN_CONSTANT_CONVERSION = YES;
				CLANG_WARN_DIRECT_OBJC_ISA_USAGE = YES_ERROR;
				CLANG_WARN_DOCUMENTATION_COMMENTS = YES;
				CLANG_WARN_EMPTY_BODY = YES;
				CLANG_WARN_ENUM_CONVERSION = YES;
				CLANG_WARN_INFINITE_RECURSION = YES;
				CLANG_WARN_INT_CONVERSION = YES;
				CLANG_WARN_NON_LITERAL_NULL_CONVERSION = YES;
				CLANG_WARN_OBJC_LITERAL_CONVERSION = YES;
				CLANG_WARN_OBJC_ROOT_CLASS = YES_ERROR;
				CLANG_WARN_RANGE_LOOP_ANALYSIS = YES;
				CLANG_WARN_STRICT_PROTOTYPES = YES;
				CLANG_WARN_SUSPICIOUS_MOVE = YES;
				CLANG_WARN_UNGUARDED_AVAILABILITY = YES_AGGRESSIVE;
				CLANG_WARN_UNREACHABLE_CODE = YES;
				CLANG_WARN__DUPLICATE_METHOD_MATCH = YES;
				CODE_SIGN_IDENTITY = "iPhone Developer";
				COPY_PHASE_STRIP = NO;
				DEBUG_INFORMATION_FORMAT = dwarf;
				ENABLE_STRICT_OBJC_MSGSEND = YES;
				ENABLE_TESTABILITY = YES;
				GCC_C_LANGUAGE_STANDARD = gnu11;
				GCC_DYNAMIC_NO_PIC = NO;
				GCC_NO_COMMON_BLOCKS = YES;
				GCC_OPTIMIZATION_LEVEL = 0;
				GCC_PREPROCESSOR_DEFINITIONS = (
					"DEBUG=1",
					"$(inherited)",
				);
				GCC_WARN_64_TO_32_BIT_CONVERSION = YES;
				GCC_WARN_ABOUT_RETURN_TYPE = YES_ERROR;
				GCC_WARN_UNDECLARED_SELECTOR = YES;
				GCC_WARN_UNINITIALIZED_AUTOS = YES_AGGRESSIVE;
				GCC_WARN_UNUSED_FUNCTION = YES;
				GCC_WARN_UNUSED_VARIABLE = YES;
				IPHONEOS_DEPLOYMENT_TARGET = 11.2;
				MTL_ENABLE_DEBUG_INFO = YES;
				ONLY_ACTIVE_ARCH = YES;
				SDKROOT = iphoneos;
				SWIFT_ACTIVE_COMPILATION_CONDITIONS = DEBUG;
				SWIFT_OPTIMIZATION_LEVEL = "-Onone";
			};
			name = Debug;
		};
		A01A0C72202DFC54008383C9 /* Release */ = {
			isa = XCBuildConfiguration;
			buildSettings = {
				ALWAYS_SEARCH_USER_PATHS = NO;
				CLANG_ANALYZER_NONNULL = YES;
				CLANG_ANALYZER_NUMBER_OBJECT_CONVERSION = YES_AGGRESSIVE;
				CLANG_CXX_LANGUAGE_STANDARD = "gnu++14";
				CLANG_CXX_LIBRARY = "libc++";
				CLANG_ENABLE_MODULES = YES;
				CLANG_ENABLE_OBJC_ARC = YES;
				CLANG_WARN_BLOCK_CAPTURE_AUTORELEASING = YES;
				CLANG_WARN_BOOL_CONVERSION = YES;
				CLANG_WARN_COMMA = YES;
				CLANG_WARN_CONSTANT_CONVERSION = YES;
				CLANG_WARN_DIRECT_OBJC_ISA_USAGE = YES_ERROR;
				CLANG_WARN_DOCUMENTATION_COMMENTS = YES;
				CLANG_WARN_EMPTY_BODY = YES;
				CLANG_WARN_ENUM_CONVERSION = YES;
				CLANG_WARN_INFINITE_RECURSION = YES;
				CLANG_WARN_INT_CONVERSION = YES;
				CLANG_WARN_NON_LITERAL_NULL_CONVERSION = YES;
				CLANG_WARN_OBJC_LITERAL_CONVERSION = YES;
				CLANG_WARN_OBJC_ROOT_CLASS = YES_ERROR;
				CLANG_WARN_RANGE_LOOP_ANALYSIS = YES;
				CLANG_WARN_STRICT_PROTOTYPES = YES;
				CLANG_WARN_SUSPICIOUS_MOVE = YES;
				CLANG_WARN_UNGUARDED_AVAILABILITY = YES_AGGRESSIVE;
				CLANG_WARN_UNREACHABLE_CODE = YES;
				CLANG_WARN__DUPLICATE_METHOD_MATCH = YES;
				CODE_SIGN_IDENTITY = "iPhone Developer";
				COPY_PHASE_STRIP = NO;
				DEBUG_INFORMATION_FORMAT = "dwarf-with-dsym";
				ENABLE_NS_ASSERTIONS = NO;
				ENABLE_STRICT_OBJC_MSGSEND = YES;
				GCC_C_LANGUAGE_STANDARD = gnu11;
				GCC_NO_COMMON_BLOCKS = YES;
				GCC_WARN_64_TO_32_BIT_CONVERSION = YES;
				GCC_WARN_ABOUT_RETURN_TYPE = YES_ERROR;
				GCC_WARN_UNDECLARED_SELECTOR = YES;
				GCC_WARN_UNINITIALIZED_AUTOS = YES_AGGRESSIVE;
				GCC_WARN_UNUSED_FUNCTION = YES;
				GCC_WARN_UNUSED_VARIABLE = YES;
				IPHONEOS_DEPLOYMENT_TARGET = 11.2;
				MTL_ENABLE_DEBUG_INFO = NO;
				SDKROOT = iphoneos;
				SWIFT_OPTIMIZATION_LEVEL = "-Owholemodule";
				VALIDATE_PRODUCT = YES;
			};
			name = Release;
		};
		A01A0C74202DFC54008383C9 /* Debug */ = {
			isa = XCBuildConfiguration;
			buildSettings = {
				ASSETCATALOG_COMPILER_APPICON_NAME = AppIcon;
				CODE_SIGN_STYLE = Automatic;
				DEVELOPMENT_TEAM = F3M935826C;
				INFOPLIST_FILE = "Happy Ivy/Info.plist";
				LD_RUNPATH_SEARCH_PATHS = "$(inherited) @executable_path/Frameworks";
				PRODUCT_BUNDLE_IDENTIFIER = "coco.Happy-Ivy.jake";
				PRODUCT_NAME = "$(TARGET_NAME)";
				SWIFT_VERSION = 4.0;
				TARGETED_DEVICE_FAMILY = "1,2";
			};
			name = Debug;
		};
		A01A0C75202DFC54008383C9 /* Release */ = {
			isa = XCBuildConfiguration;
			buildSettings = {
				ASSETCATALOG_COMPILER_APPICON_NAME = AppIcon;
				CODE_SIGN_STYLE = Automatic;
				DEVELOPMENT_TEAM = F3M935826C;
				INFOPLIST_FILE = "Happy Ivy/Info.plist";
				LD_RUNPATH_SEARCH_PATHS = "$(inherited) @executable_path/Frameworks";
				PRODUCT_BUNDLE_IDENTIFIER = "coco.Happy-Ivy.jake";
				PRODUCT_NAME = "$(TARGET_NAME)";
				SWIFT_VERSION = 4.0;
				TARGETED_DEVICE_FAMILY = "1,2";
			};
			name = Release;
		};
/* End XCBuildConfiguration section */

/* Begin XCConfigurationList section */
		A01A0C5C202DFC54008383C9 /* Build configuration list for PBXProject "Happy Ivy" */ = {
			isa = XCConfigurationList;
			buildConfigurations = (
				A01A0C71202DFC54008383C9 /* Debug */,
				A01A0C72202DFC54008383C9 /* Release */,
			);
			defaultConfigurationIsVisible = 0;
			defaultConfigurationName = Release;
		};
		A01A0C73202DFC54008383C9 /* Build configuration list for PBXNativeTarget "Happy Ivy" */ = {
			isa = XCConfigurationList;
			buildConfigurations = (
				A01A0C74202DFC54008383C9 /* Debug */,
				A01A0C75202DFC54008383C9 /* Release */,
			);
			defaultConfigurationIsVisible = 0;
			defaultConfigurationName = Release;
		};
/* End XCConfigurationList section */

/* Begin XCVersionGroup section */
		7186457F202EAF570098921F /* Model.xcdatamodeld */ = {
			isa = XCVersionGroup;
			children = (
				71864580202EAF570098921F /* Model.xcdatamodel */,
			);
			currentVersion = 71864580202EAF570098921F /* Model.xcdatamodel */;
			path = Model.xcdatamodeld;
			sourceTree = "<group>";
			versionGroupType = wrapper.xcdatamodel;
		};
/* End XCVersionGroup section */
	};
	rootObject = A01A0C59202DFC54008383C9 /* Project object */;
}
